// !$*UTF8*$!
{
	archiveVersion = 1;
	classes = {
	};
	objectVersion = 50;
	objects = {

/* Begin PBXBuildFile section */
		A082441E26B27CCA0034B5DB /* AppDelegate.swift in Sources */ = {isa = PBXBuildFile; fileRef = A082441D26B27CCA0034B5DB /* AppDelegate.swift */; };
		A082442026B27CCA0034B5DB /* SceneDelegate.swift in Sources */ = {isa = PBXBuildFile; fileRef = A082441F26B27CCA0034B5DB /* SceneDelegate.swift */; };
		A082442226B27CCA0034B5DB /* ViewController.swift in Sources */ = {isa = PBXBuildFile; fileRef = A082442126B27CCA0034B5DB /* ViewController.swift */; };
		A082442526B27CCA0034B5DB /* Main.storyboard in Resources */ = {isa = PBXBuildFile; fileRef = A082442326B27CCA0034B5DB /* Main.storyboard */; };
		A082442726B27CCB0034B5DB /* Assets.xcassets in Resources */ = {isa = PBXBuildFile; fileRef = A082442626B27CCB0034B5DB /* Assets.xcassets */; };
		A082442A26B27CCB0034B5DB /* LaunchScreen.storyboard in Resources */ = {isa = PBXBuildFile; fileRef = A082442826B27CCB0034B5DB /* LaunchScreen.storyboard */; };
		A082443226B27D290034B5DB /* PeoplesTableViewController.swift in Sources */ = {isa = PBXBuildFile; fileRef = A082443126B27D290034B5DB /* PeoplesTableViewController.swift */; };
		A082443426B27D5D0034B5DB /* Data.swift in Sources */ = {isa = PBXBuildFile; fileRef = A082443326B27D5D0034B5DB /* Data.swift */; };
		A082443626B27DA40034B5DB /* DataManager.swift in Sources */ = {isa = PBXBuildFile; fileRef = A082443526B27DA40034B5DB /* DataManager.swift */; };
		A082443826B28FD40034B5DB /* DetailedTableViewController.swift in Sources */ = {isa = PBXBuildFile; fileRef = A082443726B28FD40034B5DB /* DetailedTableViewController.swift */; };
/* End PBXBuildFile section */

/* Begin PBXFileReference section */
		A082441A26B27CCA0034B5DB /* PhoneBook.app */ = {isa = PBXFileReference; explicitFileType = wrapper.application; includeInIndex = 0; path = PhoneBook.app; sourceTree = BUILT_PRODUCTS_DIR; };
		A082441D26B27CCA0034B5DB /* AppDelegate.swift */ = {isa = PBXFileReference; lastKnownFileType = sourcecode.swift; path = AppDelegate.swift; sourceTree = "<group>"; };
		A082441F26B27CCA0034B5DB /* SceneDelegate.swift */ = {isa = PBXFileReference; lastKnownFileType = sourcecode.swift; path = SceneDelegate.swift; sourceTree = "<group>"; };
		A082442126B27CCA0034B5DB /* ViewController.swift */ = {isa = PBXFileReference; lastKnownFileType = sourcecode.swift; path = ViewController.swift; sourceTree = "<group>"; };
		A082442426B27CCA0034B5DB /* Base */ = {isa = PBXFileReference; lastKnownFileType = file.storyboard; name = Base; path = Base.lproj/Main.storyboard; sourceTree = "<group>"; };
		A082442626B27CCB0034B5DB /* Assets.xcassets */ = {isa = PBXFileReference; lastKnownFileType = folder.assetcatalog; path = Assets.xcassets; sourceTree = "<group>"; };
		A082442926B27CCB0034B5DB /* Base */ = {isa = PBXFileReference; lastKnownFileType = file.storyboard; name = Base; path = Base.lproj/LaunchScreen.storyboard; sourceTree = "<group>"; };
		A082442B26B27CCB0034B5DB /* Info.plist */ = {isa = PBXFileReference; lastKnownFileType = text.plist.xml; path = Info.plist; sourceTree = "<group>"; };
		A082443126B27D290034B5DB /* PeoplesTableViewController.swift */ = {isa = PBXFileReference; lastKnownFileType = sourcecode.swift; path = PeoplesTableViewController.swift; sourceTree = "<group>"; };
		A082443326B27D5D0034B5DB /* Data.swift */ = {isa = PBXFileReference; lastKnownFileType = sourcecode.swift; path = Data.swift; sourceTree = "<group>"; };
		A082443526B27DA40034B5DB /* DataManager.swift */ = {isa = PBXFileReference; lastKnownFileType = sourcecode.swift; path = DataManager.swift; sourceTree = "<group>"; };
		A082443726B28FD40034B5DB /* DetailedTableViewController.swift */ = {isa = PBXFileReference; lastKnownFileType = sourcecode.swift; path = DetailedTableViewController.swift; sourceTree = "<group>"; };
/* End PBXFileReference section */

/* Begin PBXFrameworksBuildPhase section */
		A082441726B27CCA0034B5DB /* Frameworks */ = {
			isa = PBXFrameworksBuildPhase;
			buildActionMask = 2147483647;
			files = (
			);
			runOnlyForDeploymentPostprocessing = 0;
		};
/* End PBXFrameworksBuildPhase section */

/* Begin PBXGroup section */
		A082441126B27CCA0034B5DB = {
			isa = PBXGroup;
			children = (
				A082441C26B27CCA0034B5DB /* PhoneBook */,
				A082441B26B27CCA0034B5DB /* Products */,
			);
			sourceTree = "<group>";
		};
		A082441B26B27CCA0034B5DB /* Products */ = {
			isa = PBXGroup;
			children = (
				A082441A26B27CCA0034B5DB /* PhoneBook.app */,
			);
			name = Products;
			sourceTree = "<group>";
		};
		A082441C26B27CCA0034B5DB /* PhoneBook */ = {
			isa = PBXGroup;
			children = (
				A082441D26B27CCA0034B5DB /* AppDelegate.swift */,
				A082441F26B27CCA0034B5DB /* SceneDelegate.swift */,
				A082442126B27CCA0034B5DB /* ViewController.swift */,
				A082442326B27CCA0034B5DB /* Main.storyboard */,
				A082443326B27D5D0034B5DB /* Data.swift */,
				A082443526B27DA40034B5DB /* DataManager.swift */,
				A082443126B27D290034B5DB /* PeoplesTableViewController.swift */,
				A082443726B28FD40034B5DB /* DetailedTableViewController.swift */,
				A082442626B27CCB0034B5DB /* Assets.xcassets */,
				A082442826B27CCB0034B5DB /* LaunchScreen.storyboard */,
				A082442B26B27CCB0034B5DB /* Info.plist */,
			);
			path = PhoneBook;
			sourceTree = "<group>";
		};
/* End PBXGroup section */

/* Begin PBXNativeTarget section */
		A082441926B27CCA0034B5DB /* PhoneBook */ = {
			isa = PBXNativeTarget;
			buildConfigurationList = A082442E26B27CCB0034B5DB /* Build configuration list for PBXNativeTarget "PhoneBook" */;
			buildPhases = (
				A082441626B27CCA0034B5DB /* Sources */,
				A082441726B27CCA0034B5DB /* Frameworks */,
				A082441826B27CCA0034B5DB /* Resources */,
			);
			buildRules = (
			);
			dependencies = (
			);
			name = PhoneBook;
			productName = PhoneBook;
			productReference = A082441A26B27CCA0034B5DB /* PhoneBook.app */;
			productType = "com.apple.product-type.application";
		};
/* End PBXNativeTarget section */

/* Begin PBXProject section */
		A082441226B27CCA0034B5DB /* Project object */ = {
			isa = PBXProject;
			attributes = {
				LastSwiftUpdateCheck = 1250;
				LastUpgradeCheck = 1250;
				TargetAttributes = {
					A082441926B27CCA0034B5DB = {
						CreatedOnToolsVersion = 12.5.1;
					};
				};
			};
			buildConfigurationList = A082441526B27CCA0034B5DB /* Build configuration list for PBXProject "PhoneBook" */;
			compatibilityVersion = "Xcode 9.3";
			developmentRegion = en;
			hasScannedForEncodings = 0;
			knownRegions = (
				en,
				Base,
			);
			mainGroup = A082441126B27CCA0034B5DB;
			productRefGroup = A082441B26B27CCA0034B5DB /* Products */;
			projectDirPath = "";
			projectRoot = "";
			targets = (
				A082441926B27CCA0034B5DB /* PhoneBook */,
			);
		};
/* End PBXProject section */

/* Begin PBXResourcesBuildPhase section */
		A082441826B27CCA0034B5DB /* Resources */ = {
			isa = PBXResourcesBuildPhase;
			buildActionMask = 2147483647;
			files = (
				A082442A26B27CCB0034B5DB /* LaunchScreen.storyboard in Resources */,
				A082442726B27CCB0034B5DB /* Assets.xcassets in Resources */,
				A082442526B27CCA0034B5DB /* Main.storyboard in Resources */,
			);
			runOnlyForDeploymentPostprocessing = 0;
		};
/* End PBXResourcesBuildPhase section */

/* Begin PBXSourcesBuildPhase section */
		A082441626B27CCA0034B5DB /* Sources */ = {
			isa = PBXSourcesBuildPhase;
			buildActionMask = 2147483647;
			files = (
				A082443226B27D290034B5DB /* PeoplesTableViewController.swift in Sources */,
				A082443626B27DA40034B5DB /* DataManager.swift in Sources */,
				A082443426B27D5D0034B5DB /* Data.swift in Sources */,
				A082442226B27CCA0034B5DB /* ViewController.swift in Sources */,
				A082441E26B27CCA0034B5DB /* AppDelegate.swift in Sources */,
				A082442026B27CCA0034B5DB /* SceneDelegate.swift in Sources */,
				A082443826B28FD40034B5DB /* DetailedTableViewController.swift in Sources */,
			);
			runOnlyForDeploymentPostprocessing = 0;
		};
/* End PBXSourcesBuildPhase section */

/* Begin PBXVariantGroup section */
		A082442326B27CCA0034B5DB /* Main.storyboard */ = {
			isa = PBXVariantGroup;
			children = (
				A082442426B27CCA0034B5DB /* Base */,
			);
			name = Main.storyboard;
			sourceTree = "<group>";
		};
		A082442826B27CCB0034B5DB /* LaunchScreen.storyboard */ = {
			isa = PBXVariantGroup;
			children = (
				A082442926B27CCB0034B5DB /* Base */,
			);
			name = LaunchScreen.storyboard;
			sourceTree = "<group>";
		};
/* End PBXVariantGroup section */

/* Begin XCBuildConfiguration section */
		A082442C26B27CCB0034B5DB /* Debug */ = {
			isa = XCBuildConfiguration;
			buildSettings = {
				ALWAYS_SEARCH_USER_PATHS = NO;
				CLANG_ANALYZER_NONNULL = YES;
				CLANG_ANALYZER_NUMBER_OBJECT_CONVERSION = YES_AGGRESSIVE;
				CLANG_CXX_LANGUAGE_STANDARD = "gnu++14";
				CLANG_CXX_LIBRARY = "libc++";
				CLANG_ENABLE_MODULES = YES;
				CLANG_ENABLE_OBJC_ARC = YES;
				CLANG_ENABLE_OBJC_WEAK = YES;
				CLANG_WARN_BLOCK_CAPTURE_AUTORELEASING = YES;
				CLANG_WARN_BOOL_CONVERSION = YES;
				CLANG_WARN_COMMA = YES;
				CLANG_WARN_CONSTANT_CONVERSION = YES;
				CLANG_WARN_DEPRECATED_OBJC_IMPLEMENTATIONS = YES;
				CLANG_WARN_DIRECT_OBJC_ISA_USAGE = YES_ERROR;
				CLANG_WARN_DOCUMENTATION_COMMENTS = YES;
				CLANG_WARN_EMPTY_BODY = YES;
				CLANG_WARN_ENUM_CONVERSION = YES;
				CLANG_WARN_INFINITE_RECURSION = YES;
				CLANG_WARN_INT_CONVERSION = YES;
				CLANG_WARN_NON_LITERAL_NULL_CONVERSION = YES;
				CLANG_WARN_OBJC_IMPLICIT_RETAIN_SELF = YES;
				CLANG_WARN_OBJC_LITERAL_CONVERSION = YES;
				CLANG_WARN_OBJC_ROOT_CLASS = YES_ERROR;
				CLANG_WARN_QUOTED_INCLUDE_IN_FRAMEWORK_HEADER = YES;
				CLANG_WARN_RANGE_LOOP_ANALYSIS = YES;
				CLANG_WARN_STRICT_PROTOTYPES = YES;
				CLANG_WARN_SUSPICIOUS_MOVE = YES;
				CLANG_WARN_UNGUARDED_AVAILABILITY = YES_AGGRESSIVE;
				CLANG_WARN_UNREACHABLE_CODE = YES;
				CLANG_WARN__DUPLICATE_METHOD_MATCH = YES;
				COPY_PHASE_STRIP = NO;
				DEBUG_INFORMATION_FORMAT = dwarf;
				ENABLE_STRICT_OBJC_MSGSEND = YES;
				ENABLE_TESTABILITY = YES;
				GCC_C_LANGUAGE_STANDARD = gnu11;
				GCC_DYNAMIC_NO_PIC = NO;
				GCC_NO_COMMON_BLOCKS = YES;
				GCC_OPTIMIZATION_LEVEL = 0;
				GCC_PREPROCESSOR_DEFINITIONS = (
					"DEBUG=1",
					"$(inherited)",
				);
				GCC_WARN_64_TO_32_BIT_CONVERSION = YES;
				GCC_WARN_ABOUT_RETURN_TYPE = YES_ERROR;
				GCC_WARN_UNDECLARED_SELECTOR = YES;
				GCC_WARN_UNINITIALIZED_AUTOS = YES_AGGRESSIVE;
				GCC_WARN_UNUSED_FUNCTION = YES;
				GCC_WARN_UNUSED_VARIABLE = YES;
				IPHONEOS_DEPLOYMENT_TARGET = 14.5;
				MTL_ENABLE_DEBUG_INFO = INCLUDE_SOURCE;
				MTL_FAST_MATH = YES;
				ONLY_ACTIVE_ARCH = YES;
				SDKROOT = iphoneos;
				SWIFT_ACTIVE_COMPILATION_CONDITIONS = DEBUG;
				SWIFT_OPTIMIZATION_LEVEL = "-Onone";
			};
			name = Debug;
		};
		A082442D26B27CCB0034B5DB /* Release */ = {
			isa = XCBuildConfiguration;
			buildSettings = {
				ALWAYS_SEARCH_USER_PATHS = NO;
				CLANG_ANALYZER_NONNULL = YES;
				CLANG_ANALYZER_NUMBER_OBJECT_CONVERSION = YES_AGGRESSIVE;
				CLANG_CXX_LANGUAGE_STANDARD = "gnu++14";
				CLANG_CXX_LIBRARY = "libc++";
				CLANG_ENABLE_MODULES = YES;
				CLANG_ENABLE_OBJC_ARC = YES;
				CLANG_ENABLE_OBJC_WEAK = YES;
				CLANG_WARN_BLOCK_CAPTURE_AUTORELEASING = YES;
				CLANG_WARN_BOOL_CONVERSION = YES;
				CLANG_WARN_COMMA = YES;
				CLANG_WARN_CONSTANT_CONVERSION = YES;
				CLANG_WARN_DEPRECATED_OBJC_IMPLEMENTATIONS = YES;
				CLANG_WARN_DIRECT_OBJC_ISA_USAGE = YES_ERROR;
				CLANG_WARN_DOCUMENTATION_COMMENTS = YES;
				CLANG_WARN_EMPTY_BODY = YES;
				CLANG_WARN_ENUM_CONVERSION = YES;
				CLANG_WARN_INFINITE_RECURSION = YES;
				CLANG_WARN_INT_CONVERSION = YES;
				CLANG_WARN_NON_LITERAL_NULL_CONVERSION = YES;
				CLANG_WARN_OBJC_IMPLICIT_RETAIN_SELF = YES;
				CLANG_WARN_OBJC_LITERAL_CONVERSION = YES;
				CLANG_WARN_OBJC_ROOT_CLASS = YES_ERROR;
				CLANG_WARN_QUOTED_INCLUDE_IN_FRAMEWORK_HEADER = YES;
				CLANG_WARN_RANGE_LOOP_ANALYSIS = YES;
				CLANG_WARN_STRICT_PROTOTYPES = YES;
				CLANG_WARN_SUSPICIOUS_MOVE = YES;
				CLANG_WARN_UNGUARDED_AVAILABILITY = YES_AGGRESSIVE;
				CLANG_WARN_UNREACHABLE_CODE = YES;
				CLANG_WARN__DUPLICATE_METHOD_MATCH = YES;
				COPY_PHASE_STRIP = NO;
				DEBUG_INFORMATION_FORMAT = "dwarf-with-dsym";
				ENABLE_NS_ASSERTIONS = NO;
				ENABLE_STRICT_OBJC_MSGSEND = YES;
				GCC_C_LANGUAGE_STANDARD = gnu11;
				GCC_NO_COMMON_BLOCKS = YES;
				GCC_WARN_64_TO_32_BIT_CONVERSION = YES;
				GCC_WARN_ABOUT_RETURN_TYPE = YES_ERROR;
				GCC_WARN_UNDECLARED_SELECTOR = YES;
				GCC_WARN_UNINITIALIZED_AUTOS = YES_AGGRESSIVE;
				GCC_WARN_UNUSED_FUNCTION = YES;
				GCC_WARN_UNUSED_VARIABLE = YES;
				IPHONEOS_DEPLOYMENT_TARGET = 14.5;
				MTL_ENABLE_DEBUG_INFO = NO;
				MTL_FAST_MATH = YES;
				SDKROOT = iphoneos;
				SWIFT_COMPILATION_MODE = wholemodule;
				SWIFT_OPTIMIZATION_LEVEL = "-O";
				VALIDATE_PRODUCT = YES;
			};
			name = Release;
		};
		A082442F26B27CCB0034B5DB /* Debug */ = {
			isa = XCBuildConfiguration;
			buildSettings = {
				ASSETCATALOG_COMPILER_APPICON_NAME = AppIcon;
				ASSETCATALOG_COMPILER_GLOBAL_ACCENT_COLOR_NAME = AccentColor;
				CODE_SIGN_STYLE = Automatic;
				INFOPLIST_FILE = PhoneBook/Info.plist;
				LD_RUNPATH_SEARCH_PATHS = (
					"$(inherited)",
					"@executable_path/Frameworks",
				);
				PRODUCT_BUNDLE_IDENTIFIER = "Vahtee-Boo.PhoneBook";
				PRODUCT_NAME = "$(TARGET_NAME)";
				SWIFT_VERSION = 5.0;
				TARGETED_DEVICE_FAMILY = "1,2";
			};
			name = Debug;
		};
		A082443026B27CCB0034B5DB /* Release */ = {
			isa = XCBuildConfiguration;
			buildSettings = {
				ASSETCATALOG_COMPILER_APPICON_NAME = AppIcon;
				ASSETCATALOG_COMPILER_GLOBAL_ACCENT_COLOR_NAME = AccentColor;
				CODE_SIGN_STYLE = Automatic;
				INFOPLIST_FILE = PhoneBook/Info.plist;
				LD_RUNPATH_SEARCH_PATHS = (
					"$(inherited)",
					"@executable_path/Frameworks",
				);
				PRODUCT_BUNDLE_IDENTIFIER = "Vahtee-Boo.PhoneBook";
				PRODUCT_NAME = "$(TARGET_NAME)";
				SWIFT_VERSION = 5.0;
				TARGETED_DEVICE_FAMILY = "1,2";
			};
			name = Release;
		};
/* End XCBuildConfiguration section */

/* Begin XCConfigurationList section */
		A082441526B27CCA0034B5DB /* Build configuration list for PBXProject "PhoneBook" */ = {
			isa = XCConfigurationList;
			buildConfigurations = (
				A082442C26B27CCB0034B5DB /* Debug */,
				A082442D26B27CCB0034B5DB /* Release */,
			);
			defaultConfigurationIsVisible = 0;
			defaultConfigurationName = Release;
		};
		A082442E26B27CCB0034B5DB /* Build configuration list for PBXNativeTarget "PhoneBook" */ = {
			isa = XCConfigurationList;
			buildConfigurations = (
				A082442F26B27CCB0034B5DB /* Debug */,
				A082443026B27CCB0034B5DB /* Release */,
			);
			defaultConfigurationIsVisible = 0;
			defaultConfigurationName = Release;
		};
/* End XCConfigurationList section */
	};
	rootObject = A082441226B27CCA0034B5DB /* Project object */;
}
